
Microsoft Visual Studio Solution File, Format Version 11.00
# Visual Studio 2010
# SharpDevelop 5.1
Project("{FAE04EC0-301F-11D3-BF4B-00C04F79EFBC}") = "OnlineStore", "OnlineStore.csproj", "{BAA87D30-317B-425B-B478-6C3F51A71517}"
EndProject
Global
	GlobalSection(SolutionConfigurationPlatforms) = preSolution
		Debug|Any CPU = Debug|Any CPU
		Release|Any CPU = Release|Any CPU
	EndGlobalSection
	GlobalSection(ProjectConfigurationPlatforms) = postSolution
		{BAA87D30-317B-425B-B478-6C3F51A71517}.Debug|Any CPU.ActiveCfg = Debug|Any CPU
		{BAA87D30-317B-425B-B478-6C3F51A71517}.Debug|Any CPU.Build.0 = Debug|Any CPU
		{BAA87D30-317B-425B-B478-6C3F51A71517}.Release|Any CPU.ActiveCfg = Release|Any CPU
		{BAA87D30-317B-425B-B478-6C3F51A71517}.Release|Any CPU.Build.0 = Release|Any CPU
	EndGlobalSection
EndGlobal
